
Microsoft Visual Studio Solution File, Format Version 12.00
# Visual Studio Version 17
VisualStudioVersion = 17.0.31903.59
MinimumVisualStudioVersion = 10.0.40219.1
Project("{FAE04EC0-301F-11D3-BF4B-00C04F79EFBC}") = "ECommerce.Domain", "ECommerce.Domain\ECommerce.Domain.csproj", "{FDE091F7-1CB1-4B40-9768-9A3805BF38A0}"
EndProject
Project("{FAE04EC0-301F-11D3-BF4B-00C04F79EFBC}") = "ECommerce.Application", "ECommerce.Application\ECommerce.Application.csproj", "{85F01732-C70B-4D97-B05C-DACD6B353D0F}"
EndProject
Project("{FAE04EC0-301F-11D3-BF4B-00C04F79EFBC}") = "ECommerce.Infrastructure", "ECommerce.Infrastructure\ECommerce.Infrastructure.csproj", "{ACAE5CB6-7E7A-418D-AF0C-68D6EBC0E625}"
EndProject
Project("{FAE04EC0-301F-11D3-BF4B-00C04F79EFBC}") = "ECommerce.Api", "ECommerce.Api\ECommerce.Api.csproj", "{9796CA94-37FF-4986-AD84-011128D45D3C}"
EndProject
Project("{FAE04EC0-301F-11D3-BF4B-00C04F79EFBC}") = "ECommerce.Tests", "ECommerce.Tests\ECommerce.Tests.csproj", "{CAE7A4A7-1165-42D7-A2B8-0BC2967D5EEA}"
EndProject
Global
	GlobalSection(SolutionConfigurationPlatforms) = preSolution
		Debug|Any CPU = Debug|Any CPU
		Debug|x64 = Debug|x64
		Debug|x86 = Debug|x86
		Release|Any CPU = Release|Any CPU
		Release|x64 = Release|x64
		Release|x86 = Release|x86
	EndGlobalSection
	GlobalSection(ProjectConfigurationPlatforms) = postSolution
		{FDE091F7-1CB1-4B40-9768-9A3805BF38A0}.Debug|Any CPU.ActiveCfg = Debug|Any CPU
		{FDE091F7-1CB1-4B40-9768-9A3805BF38A0}.Debug|Any CPU.Build.0 = Debug|Any CPU
		{FDE091F7-1CB1-4B40-9768-9A3805BF38A0}.Debug|x64.ActiveCfg = Debug|Any CPU
		{FDE091F7-1CB1-4B40-9768-9A3805BF38A0}.Debug|x64.Build.0 = Debug|Any CPU
		{FDE091F7-1CB1-4B40-9768-9A3805BF38A0}.Debug|x86.ActiveCfg = Debug|Any CPU
		{FDE091F7-1CB1-4B40-9768-9A3805BF38A0}.Debug|x86.Build.0 = Debug|Any CPU
		{FDE091F7-1CB1-4B40-9768-9A3805BF38A0}.Release|Any CPU.ActiveCfg = Release|Any CPU
		{FDE091F7-1CB1-4B40-9768-9A3805BF38A0}.Release|Any CPU.Build.0 = Release|Any CPU
		{FDE091F7-1CB1-4B40-9768-9A3805BF38A0}.Release|x64.ActiveCfg = Release|Any CPU
		{FDE091F7-1CB1-4B40-9768-9A3805BF38A0}.Release|x64.Build.0 = Release|Any CPU
		{FDE091F7-1CB1-4B40-9768-9A3805BF38A0}.Release|x86.ActiveCfg = Release|Any CPU
		{FDE091F7-1CB1-4B40-9768-9A3805BF38A0}.Release|x86.Build.0 = Release|Any CPU
		{85F01732-C70B-4D97-B05C-DACD6B353D0F}.Debug|Any CPU.ActiveCfg = Debug|Any CPU
		{85F01732-C70B-4D97-B05C-DACD6B353D0F}.Debug|Any CPU.Build.0 = Debug|Any CPU
		{85F01732-C70B-4D97-B05C-DACD6B353D0F}.Debug|x64.ActiveCfg = Debug|Any CPU
		{85F01732-C70B-4D97-B05C-DACD6B353D0F}.Debug|x64.Build.0 = Debug|Any CPU
		{85F01732-C70B-4D97-B05C-DACD6B353D0F}.Debug|x86.ActiveCfg = Debug|Any CPU
		{85F01732-C70B-4D97-B05C-DACD6B353D0F}.Debug|x86.Build.0 = Debug|Any CPU
		{85F01732-C70B-4D97-B05C-DACD6B353D0F}.Release|Any CPU.ActiveCfg = Release|Any CPU
		{85F01732-C70B-4D97-B05C-DACD6B353D0F}.Release|Any CPU.Build.0 = Release|Any CPU
		{85F01732-C70B-4D97-B05C-DACD6B353D0F}.Release|x64.ActiveCfg = Release|Any CPU
		{85F01732-C70B-4D97-B05C-DACD6B353D0F}.Release|x64.Build.0 = Release|Any CPU
		{85F01732-C70B-4D97-B05C-DACD6B353D0F}.Release|x86.ActiveCfg = Release|Any CPU
		{85F01732-C70B-4D97-B05C-DACD6B353D0F}.Release|x86.Build.0 = Release|Any CPU
		{ACAE5CB6-7E7A-418D-AF0C-68D6EBC0E625}.Debug|Any CPU.ActiveCfg = Debug|Any CPU
		{ACAE5CB6-7E7A-418D-AF0C-68D6EBC0E625}.Debug|Any CPU.Build.0 = Debug|Any CPU
		{ACAE5CB6-7E7A-418D-AF0C-68D6EBC0E625}.Debug|x64.ActiveCfg = Debug|Any CPU
		{ACAE5CB6-7E7A-418D-AF0C-68D6EBC0E625}.Debug|x64.Build.0 = Debug|Any CPU
		{ACAE5CB6-7E7A-418D-AF0C-68D6EBC0E625}.Debug|x86.ActiveCfg = Debug|Any CPU
		{ACAE5CB6-7E7A-418D-AF0C-68D6EBC0E625}.Debug|x86.Build.0 = Debug|Any CPU
		{ACAE5CB6-7E7A-418D-AF0C-68D6EBC0E625}.Release|Any CPU.ActiveCfg = Release|Any CPU
		{ACAE5CB6-7E7A-418D-AF0C-68D6EBC0E625}.Release|Any CPU.Build.0 = Release|Any CPU
		{ACAE5CB6-7E7A-418D-AF0C-68D6EBC0E625}.Release|x64.ActiveCfg = Release|Any CPU
		{ACAE5CB6-7E7A-418D-AF0C-68D6EBC0E625}.Release|x64.Build.0 = Release|Any CPU
		{ACAE5CB6-7E7A-418D-AF0C-68D6EBC0E625}.Release|x86.ActiveCfg = Release|Any CPU
		{ACAE5CB6-7E7A-418D-AF0C-68D6EBC0E625}.Release|x86.Build.0 = Release|Any CPU
		{9796CA94-37FF-4986-AD84-011128D45D3C}.Debug|Any CPU.ActiveCfg = Debug|Any CPU
		{9796CA94-37FF-4986-AD84-011128D45D3C}.Debug|Any CPU.Build.0 = Debug|Any CPU
		{9796CA94-37FF-4986-AD84-011128D45D3C}.Debug|x64.ActiveCfg = Debug|Any CPU
		{9796CA94-37FF-4986-AD84-011128D45D3C}.Debug|x64.Build.0 = Debug|Any CPU
		{9796CA94-37FF-4986-AD84-011128D45D3C}.Debug|x86.ActiveCfg = Debug|Any CPU
		{9796CA94-37FF-4986-AD84-011128D45D3C}.Debug|x86.Build.0 = Debug|Any CPU
		{9796CA94-37FF-4986-AD84-011128D45D3C}.Release|Any CPU.ActiveCfg = Release|Any CPU
		{9796CA94-37FF-4986-AD84-011128D45D3C}.Release|Any CPU.Build.0 = Release|Any CPU
		{9796CA94-37FF-4986-AD84-011128D45D3C}.Release|x64.ActiveCfg = Release|Any CPU
		{9796CA94-37FF-4986-AD84-011128D45D3C}.Release|x64.Build.0 = Release|Any CPU
		{9796CA94-37FF-4986-AD84-011128D45D3C}.Release|x86.ActiveCfg = Release|Any CPU
		{9796CA94-37FF-4986-AD84-011128D45D3C}.Release|x86.Build.0 = Release|Any CPU
		{CAE7A4A7-1165-42D7-A2B8-0BC2967D5EEA}.Debug|Any CPU.ActiveCfg = Debug|Any CPU
		{CAE7A4A7-1165-42D7-A2B8-0BC2967D5EEA}.Debug|Any CPU.Build.0 = Debug|Any CPU
		{CAE7A4A7-1165-42D7-A2B8-0BC2967D5EEA}.Debug|x64.ActiveCfg = Debug|Any CPU
		{CAE7A4A7-1165-42D7-A2B8-0BC2967D5EEA}.Debug|x64.Build.0 = Debug|Any CPU
		{CAE7A4A7-1165-42D7-A2B8-0BC2967D5EEA}.Debug|x86.ActiveCfg = Debug|Any CPU
		{CAE7A4A7-1165-42D7-A2B8-0BC2967D5EEA}.Debug|x86.Build.0 = Debug|Any CPU
		{CAE7A4A7-1165-42D7-A2B8-0BC2967D5EEA}.Release|Any CPU.ActiveCfg = Release|Any CPU
		{CAE7A4A7-1165-42D7-A2B8-0BC2967D5EEA}.Release|Any CPU.Build.0 = Release|Any CPU
		{CAE7A4A7-1165-42D7-A2B8-0BC2967D5EEA}.Release|x64.ActiveCfg = Release|Any CPU
		{CAE7A4A7-1165-42D7-A2B8-0BC2967D5EEA}.Release|x64.Build.0 = Release|Any CPU
		{CAE7A4A7-1165-42D7-A2B8-0BC2967D5EEA}.Release|x86.ActiveCfg = Release|Any CPU
		{CAE7A4A7-1165-42D7-A2B8-0BC2967D5EEA}.Release|x86.Build.0 = Release|Any CPU
	EndGlobalSection
	GlobalSection(SolutionProperties) = preSolution
		HideSolutionNode = FALSE
	EndGlobalSection
EndGlobal
